
Microsoft Visual Studio Solution File, Format Version 12.00
# Visual Studio 15
VisualStudioVersion = 15.0.28010.2046
MinimumVisualStudioVersion = 10.0.40219.1
Project("{FAE04EC0-301F-11D3-BF4B-00C04F79EFBC}") = "PassingByRefValue", "PassingByRefValue\PassingByRefValue.csproj", "{20583DB9-05FE-4A70-8851-689E91E37B28}"
EndProject
Project("{FAE04EC0-301F-11D3-BF4B-00C04F79EFBC}") = "PassingByRefValue_Tests", "PassingByRefValue_Tests\PassingByRefValue_Tests.csproj", "{C0A12F84-A758-40A2-8474-4D91DA1920B6}"
EndProject
Global
	GlobalSection(SolutionConfigurationPlatforms) = preSolution
		Debug|Any CPU = Debug|Any CPU
		Release|Any CPU = Release|Any CPU
	EndGlobalSection
	GlobalSection(ProjectConfigurationPlatforms) = postSolution
		{20583DB9-05FE-4A70-8851-689E91E37B28}.Debug|Any CPU.ActiveCfg = Debug|Any CPU
		{20583DB9-05FE-4A70-8851-689E91E37B28}.Debug|Any CPU.Build.0 = Debug|Any CPU
		{20583DB9-05FE-4A70-8851-689E91E37B28}.Release|Any CPU.ActiveCfg = Release|Any CPU
		{20583DB9-05FE-4A70-8851-689E91E37B28}.Release|Any CPU.Build.0 = Release|Any CPU
		{C0A12F84-A758-40A2-8474-4D91DA1920B6}.Debug|Any CPU.ActiveCfg = Debug|Any CPU
		{C0A12F84-A758-40A2-8474-4D91DA1920B6}.Debug|Any CPU.Build.0 = Debug|Any CPU
		{C0A12F84-A758-40A2-8474-4D91DA1920B6}.Release|Any CPU.ActiveCfg = Release|Any CPU
		{C0A12F84-A758-40A2-8474-4D91DA1920B6}.Release|Any CPU.Build.0 = Release|Any CPU
	EndGlobalSection
	GlobalSection(SolutionProperties) = preSolution
		HideSolutionNode = FALSE
	EndGlobalSection
	GlobalSection(ExtensibilityGlobals) = postSolution
		SolutionGuid = {47D250DF-B71D-466F-B60E-DD4BE3DA1AE1}
	EndGlobalSection
EndGlobal
